// !$*UTF8*$!
{
	archiveVersion = 1;
	classes = {
	};
	objectVersion = 55;
	objects = {

/* Begin PBXBuildFile section */
		1D0EDFF62A654E54004868CD /* ImageManager.swift in Sources */ = {isa = PBXBuildFile; fileRef = 1D0EDFF52A654E54004868CD /* ImageManager.swift */; };
		1D0EDFF92A654EBF004868CD /* NewsTableViewCell.swift in Sources */ = {isa = PBXBuildFile; fileRef = 1D0EDFF82A654EBF004868CD /* NewsTableViewCell.swift */; };
		1D0EDFFB2A65730E004868CD /* DateHelper.swift in Sources */ = {isa = PBXBuildFile; fileRef = 1D0EDFFA2A65730E004868CD /* DateHelper.swift */; };
		1D71E9D12A6121740007D505 /* AppDelegate.swift in Sources */ = {isa = PBXBuildFile; fileRef = 1D71E9D02A6121740007D505 /* AppDelegate.swift */; };
		1D71E9D32A6121740007D505 /* SceneDelegate.swift in Sources */ = {isa = PBXBuildFile; fileRef = 1D71E9D22A6121740007D505 /* SceneDelegate.swift */; };
		1D71E9D52A6121740007D505 /* NewsViewController.swift in Sources */ = {isa = PBXBuildFile; fileRef = 1D71E9D42A6121740007D505 /* NewsViewController.swift */; };
		1D71E9DA2A6121760007D505 /* Assets.xcassets in Resources */ = {isa = PBXBuildFile; fileRef = 1D71E9D92A6121760007D505 /* Assets.xcassets */; };
		1D71E9DD2A6121760007D505 /* LaunchScreen.storyboard in Resources */ = {isa = PBXBuildFile; fileRef = 1D71E9DB2A6121760007D505 /* LaunchScreen.storyboard */; };
		1D71E9E62A61281D0007D505 /* NetworkManager.swift in Sources */ = {isa = PBXBuildFile; fileRef = 1D71E9E52A61281D0007D505 /* NetworkManager.swift */; };
		1D71E9E92A612D350007D505 /* Alamofire in Frameworks */ = {isa = PBXBuildFile; productRef = 1D71E9E82A612D350007D505 /* Alamofire */; };
		1D71E9EC2A612D4E0007D505 /* Kingfisher in Frameworks */ = {isa = PBXBuildFile; productRef = 1D71E9EB2A612D4E0007D505 /* Kingfisher */; };
		1D71E9EF2A612E320007D505 /* News.swift in Sources */ = {isa = PBXBuildFile; fileRef = 1D71E9EE2A612E320007D505 /* News.swift */; };
		1D71E9F12A6130450007D505 /* Article.swift in Sources */ = {isa = PBXBuildFile; fileRef = 1D71E9F02A6130450007D505 /* Article.swift */; };
		1D805EE12A667AC2002D2885 /* NewsViewModel.swift in Sources */ = {isa = PBXBuildFile; fileRef = 1D805EE02A667AC2002D2885 /* NewsViewModel.swift */; };
		1D974DF42A67D3F4005BE7C1 /* NewsCollectionViewCell.swift in Sources */ = {isa = PBXBuildFile; fileRef = 1D974DF32A67D3F4005BE7C1 /* NewsCollectionViewCell.swift */; };
/* End PBXBuildFile section */

/* Begin PBXFileReference section */
		1D0EDFF52A654E54004868CD /* ImageManager.swift */ = {isa = PBXFileReference; lastKnownFileType = sourcecode.swift; path = ImageManager.swift; sourceTree = "<group>"; };
		1D0EDFF82A654EBF004868CD /* NewsTableViewCell.swift */ = {isa = PBXFileReference; lastKnownFileType = sourcecode.swift; path = NewsTableViewCell.swift; sourceTree = "<group>"; };
		1D0EDFFA2A65730E004868CD /* DateHelper.swift */ = {isa = PBXFileReference; lastKnownFileType = sourcecode.swift; path = DateHelper.swift; sourceTree = "<group>"; };
		1D71E9CD2A6121740007D505 /* news-app.app */ = {isa = PBXFileReference; explicitFileType = wrapper.application; includeInIndex = 0; path = "news-app.app"; sourceTree = BUILT_PRODUCTS_DIR; };
		1D71E9D02A6121740007D505 /* AppDelegate.swift */ = {isa = PBXFileReference; lastKnownFileType = sourcecode.swift; path = AppDelegate.swift; sourceTree = "<group>"; };
		1D71E9D22A6121740007D505 /* SceneDelegate.swift */ = {isa = PBXFileReference; lastKnownFileType = sourcecode.swift; path = SceneDelegate.swift; sourceTree = "<group>"; };
		1D71E9D42A6121740007D505 /* NewsViewController.swift */ = {isa = PBXFileReference; lastKnownFileType = sourcecode.swift; path = NewsViewController.swift; sourceTree = "<group>"; };
		1D71E9D92A6121760007D505 /* Assets.xcassets */ = {isa = PBXFileReference; lastKnownFileType = folder.assetcatalog; path = Assets.xcassets; sourceTree = "<group>"; };
		1D71E9DC2A6121760007D505 /* Base */ = {isa = PBXFileReference; lastKnownFileType = file.storyboard; name = Base; path = Base.lproj/LaunchScreen.storyboard; sourceTree = "<group>"; };
		1D71E9DE2A6121760007D505 /* Info.plist */ = {isa = PBXFileReference; lastKnownFileType = text.plist.xml; path = Info.plist; sourceTree = "<group>"; };
		1D71E9E52A61281D0007D505 /* NetworkManager.swift */ = {isa = PBXFileReference; lastKnownFileType = sourcecode.swift; path = NetworkManager.swift; sourceTree = "<group>"; };
		1D71E9EE2A612E320007D505 /* News.swift */ = {isa = PBXFileReference; lastKnownFileType = sourcecode.swift; path = News.swift; sourceTree = "<group>"; };
		1D71E9F02A6130450007D505 /* Article.swift */ = {isa = PBXFileReference; lastKnownFileType = sourcecode.swift; path = Article.swift; sourceTree = "<group>"; };
		1D805EE02A667AC2002D2885 /* NewsViewModel.swift */ = {isa = PBXFileReference; lastKnownFileType = sourcecode.swift; path = NewsViewModel.swift; sourceTree = "<group>"; };
		1D974DF32A67D3F4005BE7C1 /* NewsCollectionViewCell.swift */ = {isa = PBXFileReference; lastKnownFileType = sourcecode.swift; path = NewsCollectionViewCell.swift; sourceTree = "<group>"; };
/* End PBXFileReference section */

/* Begin PBXFrameworksBuildPhase section */
		1D71E9CA2A6121740007D505 /* Frameworks */ = {
			isa = PBXFrameworksBuildPhase;
			buildActionMask = 2147483647;
			files = (
				1D71E9EC2A612D4E0007D505 /* Kingfisher in Frameworks */,
				1D71E9E92A612D350007D505 /* Alamofire in Frameworks */,
			);
			runOnlyForDeploymentPostprocessing = 0;
		};
/* End PBXFrameworksBuildPhase section */

/* Begin PBXGroup section */
		1D0EDFF72A654E93004868CD /* Cells */ = {
			isa = PBXGroup;
			children = (
				1D0EDFF82A654EBF004868CD /* NewsTableViewCell.swift */,
				1D974DF32A67D3F4005BE7C1 /* NewsCollectionViewCell.swift */,
			);
			path = Cells;
			sourceTree = "<group>";
		};
		1D71E9C42A6121740007D505 = {
			isa = PBXGroup;
			children = (
				1D71E9CF2A6121740007D505 /* news-app */,
				1D71E9CE2A6121740007D505 /* Products */,
			);
			sourceTree = "<group>";
		};
		1D71E9CE2A6121740007D505 /* Products */ = {
			isa = PBXGroup;
			children = (
				1D71E9CD2A6121740007D505 /* news-app.app */,
			);
			name = Products;
			sourceTree = "<group>";
		};
		1D71E9CF2A6121740007D505 /* news-app */ = {
			isa = PBXGroup;
			children = (
				1D71E9ED2A612E1E0007D505 /* Model */,
				1D71E9E42A6127FC0007D505 /* Helpers */,
				1D0EDFF72A654E93004868CD /* Cells */,
				1D805EDF2A667AA4002D2885 /* ViewModels */,
				1D90ADEF2A6E8D4E008EDB8A /* ViewControllers */,
				1D71E9D92A6121760007D505 /* Assets.xcassets */,
				1D71E9DB2A6121760007D505 /* LaunchScreen.storyboard */,
				1D71E9D02A6121740007D505 /* AppDelegate.swift */,
				1D71E9D22A6121740007D505 /* SceneDelegate.swift */,
				1D71E9DE2A6121760007D505 /* Info.plist */,
			);
			path = "news-app";
			sourceTree = "<group>";
		};
		1D71E9E42A6127FC0007D505 /* Helpers */ = {
			isa = PBXGroup;
			children = (
				1D71E9E52A61281D0007D505 /* NetworkManager.swift */,
				1D0EDFF52A654E54004868CD /* ImageManager.swift */,
				1D0EDFFA2A65730E004868CD /* DateHelper.swift */,
			);
			path = Helpers;
			sourceTree = "<group>";
		};
		1D71E9ED2A612E1E0007D505 /* Model */ = {
			isa = PBXGroup;
			children = (
				1D71E9EE2A612E320007D505 /* News.swift */,
				1D71E9F02A6130450007D505 /* Article.swift */,
			);
			path = Model;
			sourceTree = "<group>";
		};
		1D805EDF2A667AA4002D2885 /* ViewModels */ = {
			isa = PBXGroup;
			children = (
				1D805EE02A667AC2002D2885 /* NewsViewModel.swift */,
			);
			path = ViewModels;
			sourceTree = "<group>";
		};
		1D90ADEF2A6E8D4E008EDB8A /* ViewControllers */ = {
			isa = PBXGroup;
			children = (
				1D71E9D42A6121740007D505 /* NewsViewController.swift */,
			);
			path = ViewControllers;
			sourceTree = "<group>";
		};
/* End PBXGroup section */

/* Begin PBXNativeTarget section */
		1D71E9CC2A6121740007D505 /* news-app */ = {
			isa = PBXNativeTarget;
			buildConfigurationList = 1D71E9E12A6121760007D505 /* Build configuration list for PBXNativeTarget "news-app" */;
			buildPhases = (
				1D71E9C92A6121740007D505 /* Sources */,
				1D71E9CA2A6121740007D505 /* Frameworks */,
				1D71E9CB2A6121740007D505 /* Resources */,
			);
			buildRules = (
			);
			dependencies = (
			);
			name = "news-app";
			packageProductDependencies = (
				1D71E9E82A612D350007D505 /* Alamofire */,
				1D71E9EB2A612D4E0007D505 /* Kingfisher */,
			);
			productName = "news-app";
			productReference = 1D71E9CD2A6121740007D505 /* news-app.app */;
			productType = "com.apple.product-type.application";
		};
/* End PBXNativeTarget section */

/* Begin PBXProject section */
		1D71E9C52A6121740007D505 /* Project object */ = {
			isa = PBXProject;
			attributes = {
				BuildIndependentTargetsInParallel = 1;
				LastSwiftUpdateCheck = 1340;
				LastUpgradeCheck = 1340;
				TargetAttributes = {
					1D71E9CC2A6121740007D505 = {
						CreatedOnToolsVersion = 13.4.1;
					};
				};
			};
			buildConfigurationList = 1D71E9C82A6121740007D505 /* Build configuration list for PBXProject "news-app" */;
			compatibilityVersion = "Xcode 13.0";
			developmentRegion = en;
			hasScannedForEncodings = 0;
			knownRegions = (
				en,
				Base,
			);
			mainGroup = 1D71E9C42A6121740007D505;
			packageReferences = (
				1D71E9E72A612D350007D505 /* XCRemoteSwiftPackageReference "Alamofire" */,
				1D71E9EA2A612D4E0007D505 /* XCRemoteSwiftPackageReference "Kingfisher" */,
			);
			productRefGroup = 1D71E9CE2A6121740007D505 /* Products */;
			projectDirPath = "";
			projectRoot = "";
			targets = (
				1D71E9CC2A6121740007D505 /* news-app */,
			);
		};
/* End PBXProject section */

/* Begin PBXResourcesBuildPhase section */
		1D71E9CB2A6121740007D505 /* Resources */ = {
			isa = PBXResourcesBuildPhase;
			buildActionMask = 2147483647;
			files = (
				1D71E9DD2A6121760007D505 /* LaunchScreen.storyboard in Resources */,
				1D71E9DA2A6121760007D505 /* Assets.xcassets in Resources */,
			);
			runOnlyForDeploymentPostprocessing = 0;
		};
/* End PBXResourcesBuildPhase section */

/* Begin PBXSourcesBuildPhase section */
		1D71E9C92A6121740007D505 /* Sources */ = {
			isa = PBXSourcesBuildPhase;
			buildActionMask = 2147483647;
			files = (
				1D71E9E62A61281D0007D505 /* NetworkManager.swift in Sources */,
				1D71E9D52A6121740007D505 /* NewsViewController.swift in Sources */,
				1D0EDFF92A654EBF004868CD /* NewsTableViewCell.swift in Sources */,
				1D974DF42A67D3F4005BE7C1 /* NewsCollectionViewCell.swift in Sources */,
				1D0EDFF62A654E54004868CD /* ImageManager.swift in Sources */,
				1D71E9F12A6130450007D505 /* Article.swift in Sources */,
				1D71E9D12A6121740007D505 /* AppDelegate.swift in Sources */,
				1D805EE12A667AC2002D2885 /* NewsViewModel.swift in Sources */,
				1D0EDFFB2A65730E004868CD /* DateHelper.swift in Sources */,
				1D71E9EF2A612E320007D505 /* News.swift in Sources */,
				1D71E9D32A6121740007D505 /* SceneDelegate.swift in Sources */,
			);
			runOnlyForDeploymentPostprocessing = 0;
		};
/* End PBXSourcesBuildPhase section */

/* Begin PBXVariantGroup section */
		1D71E9DB2A6121760007D505 /* LaunchScreen.storyboard */ = {
			isa = PBXVariantGroup;
			children = (
				1D71E9DC2A6121760007D505 /* Base */,
			);
			name = LaunchScreen.storyboard;
			sourceTree = "<group>";
		};
/* End PBXVariantGroup section */

/* Begin XCBuildConfiguration section */
		1D71E9DF2A6121760007D505 /* Debug */ = {
			isa = XCBuildConfiguration;
			buildSettings = {
				ALWAYS_SEARCH_USER_PATHS = NO;
				CLANG_ANALYZER_NONNULL = YES;
				CLANG_ANALYZER_NUMBER_OBJECT_CONVERSION = YES_AGGRESSIVE;
				CLANG_CXX_LANGUAGE_STANDARD = "gnu++17";
				CLANG_ENABLE_MODULES = YES;
				CLANG_ENABLE_OBJC_ARC = YES;
				CLANG_ENABLE_OBJC_WEAK = YES;
				CLANG_WARN_BLOCK_CAPTURE_AUTORELEASING = YES;
				CLANG_WARN_BOOL_CONVERSION = YES;
				CLANG_WARN_COMMA = YES;
				CLANG_WARN_CONSTANT_CONVERSION = YES;
				CLANG_WARN_DEPRECATED_OBJC_IMPLEMENTATIONS = YES;
				CLANG_WARN_DIRECT_OBJC_ISA_USAGE = YES_ERROR;
				CLANG_WARN_DOCUMENTATION_COMMENTS = YES;
				CLANG_WARN_EMPTY_BODY = YES;
				CLANG_WARN_ENUM_CONVERSION = YES;
				CLANG_WARN_INFINITE_RECURSION = YES;
				CLANG_WARN_INT_CONVERSION = YES;
				CLANG_WARN_NON_LITERAL_NULL_CONVERSION = YES;
				CLANG_WARN_OBJC_IMPLICIT_RETAIN_SELF = YES;
				CLANG_WARN_OBJC_LITERAL_CONVERSION = YES;
				CLANG_WARN_OBJC_ROOT_CLASS = YES_ERROR;
				CLANG_WARN_QUOTED_INCLUDE_IN_FRAMEWORK_HEADER = YES;
				CLANG_WARN_RANGE_LOOP_ANALYSIS = YES;
				CLANG_WARN_STRICT_PROTOTYPES = YES;
				CLANG_WARN_SUSPICIOUS_MOVE = YES;
				CLANG_WARN_UNGUARDED_AVAILABILITY = YES_AGGRESSIVE;
				CLANG_WARN_UNREACHABLE_CODE = YES;
				CLANG_WARN__DUPLICATE_METHOD_MATCH = YES;
				COPY_PHASE_STRIP = NO;
				DEBUG_INFORMATION_FORMAT = dwarf;
				ENABLE_STRICT_OBJC_MSGSEND = YES;
				ENABLE_TESTABILITY = YES;
				GCC_C_LANGUAGE_STANDARD = gnu11;
				GCC_DYNAMIC_NO_PIC = NO;
				GCC_NO_COMMON_BLOCKS = YES;
				GCC_OPTIMIZATION_LEVEL = 0;
				GCC_PREPROCESSOR_DEFINITIONS = (
					"DEBUG=1",
					"$(inherited)",
				);
				GCC_WARN_64_TO_32_BIT_CONVERSION = YES;
				GCC_WARN_ABOUT_RETURN_TYPE = YES_ERROR;
				GCC_WARN_UNDECLARED_SELECTOR = YES;
				GCC_WARN_UNINITIALIZED_AUTOS = YES_AGGRESSIVE;
				GCC_WARN_UNUSED_FUNCTION = YES;
				GCC_WARN_UNUSED_VARIABLE = YES;
				IPHONEOS_DEPLOYMENT_TARGET = 15.5;
				MTL_ENABLE_DEBUG_INFO = INCLUDE_SOURCE;
				MTL_FAST_MATH = YES;
				ONLY_ACTIVE_ARCH = YES;
				SDKROOT = iphoneos;
				SWIFT_ACTIVE_COMPILATION_CONDITIONS = DEBUG;
				SWIFT_OPTIMIZATION_LEVEL = "-Onone";
			};
			name = Debug;
		};
		1D71E9E02A6121760007D505 /* Release */ = {
			isa = XCBuildConfiguration;
			buildSettings = {
				ALWAYS_SEARCH_USER_PATHS = NO;
				CLANG_ANALYZER_NONNULL = YES;
				CLANG_ANALYZER_NUMBER_OBJECT_CONVERSION = YES_AGGRESSIVE;
				CLANG_CXX_LANGUAGE_STANDARD = "gnu++17";
				CLANG_ENABLE_MODULES = YES;
				CLANG_ENABLE_OBJC_ARC = YES;
				CLANG_ENABLE_OBJC_WEAK = YES;
				CLANG_WARN_BLOCK_CAPTURE_AUTORELEASING = YES;
				CLANG_WARN_BOOL_CONVERSION = YES;
				CLANG_WARN_COMMA = YES;
				CLANG_WARN_CONSTANT_CONVERSION = YES;
				CLANG_WARN_DEPRECATED_OBJC_IMPLEMENTATIONS = YES;
				CLANG_WARN_DIRECT_OBJC_ISA_USAGE = YES_ERROR;
				CLANG_WARN_DOCUMENTATION_COMMENTS = YES;
				CLANG_WARN_EMPTY_BODY = YES;
				CLANG_WARN_ENUM_CONVERSION = YES;
				CLANG_WARN_INFINITE_RECURSION = YES;
				CLANG_WARN_INT_CONVERSION = YES;
				CLANG_WARN_NON_LITERAL_NULL_CONVERSION = YES;
				CLANG_WARN_OBJC_IMPLICIT_RETAIN_SELF = YES;
				CLANG_WARN_OBJC_LITERAL_CONVERSION = YES;
				CLANG_WARN_OBJC_ROOT_CLASS = YES_ERROR;
				CLANG_WARN_QUOTED_INCLUDE_IN_FRAMEWORK_HEADER = YES;
				CLANG_WARN_RANGE_LOOP_ANALYSIS = YES;
				CLANG_WARN_STRICT_PROTOTYPES = YES;
				CLANG_WARN_SUSPICIOUS_MOVE = YES;
				CLANG_WARN_UNGUARDED_AVAILABILITY = YES_AGGRESSIVE;
				CLANG_WARN_UNREACHABLE_CODE = YES;
				CLANG_WARN__DUPLICATE_METHOD_MATCH = YES;
				COPY_PHASE_STRIP = NO;
				DEBUG_INFORMATION_FORMAT = "dwarf-with-dsym";
				ENABLE_NS_ASSERTIONS = NO;
				ENABLE_STRICT_OBJC_MSGSEND = YES;
				GCC_C_LANGUAGE_STANDARD = gnu11;
				GCC_NO_COMMON_BLOCKS = YES;
				GCC_WARN_64_TO_32_BIT_CONVERSION = YES;
				GCC_WARN_ABOUT_RETURN_TYPE = YES_ERROR;
				GCC_WARN_UNDECLARED_SELECTOR = YES;
				GCC_WARN_UNINITIALIZED_AUTOS = YES_AGGRESSIVE;
				GCC_WARN_UNUSED_FUNCTION = YES;
				GCC_WARN_UNUSED_VARIABLE = YES;
				IPHONEOS_DEPLOYMENT_TARGET = 15.5;
				MTL_ENABLE_DEBUG_INFO = NO;
				MTL_FAST_MATH = YES;
				SDKROOT = iphoneos;
				SWIFT_COMPILATION_MODE = wholemodule;
				SWIFT_OPTIMIZATION_LEVEL = "-O";
				VALIDATE_PRODUCT = YES;
			};
			name = Release;
		};
		1D71E9E22A6121760007D505 /* Debug */ = {
			isa = XCBuildConfiguration;
			buildSettings = {
				ASSETCATALOG_COMPILER_APPICON_NAME = AppIcon;
				ASSETCATALOG_COMPILER_GLOBAL_ACCENT_COLOR_NAME = AccentColor;
				CODE_SIGN_STYLE = Automatic;
				CURRENT_PROJECT_VERSION = 1;
				GENERATE_INFOPLIST_FILE = YES;
				INFOPLIST_FILE = "news-app/Info.plist";
				INFOPLIST_KEY_UIApplicationSupportsIndirectInputEvents = YES;
				INFOPLIST_KEY_UILaunchStoryboardName = LaunchScreen;
				INFOPLIST_KEY_UISupportedInterfaceOrientations_iPad = "UIInterfaceOrientationPortrait UIInterfaceOrientationPortraitUpsideDown UIInterfaceOrientationLandscapeLeft UIInterfaceOrientationLandscapeRight";
				INFOPLIST_KEY_UISupportedInterfaceOrientations_iPhone = "UIInterfaceOrientationPortrait UIInterfaceOrientationLandscapeLeft UIInterfaceOrientationLandscapeRight";
				LD_RUNPATH_SEARCH_PATHS = (
					"$(inherited)",
					"@executable_path/Frameworks",
				);
				MARKETING_VERSION = 1.0;
				PRODUCT_BUNDLE_IDENTIFIER = "com.news-app";
				PRODUCT_NAME = "$(TARGET_NAME)";
				SWIFT_EMIT_LOC_STRINGS = YES;
				SWIFT_VERSION = 5.0;
				TARGETED_DEVICE_FAMILY = "1,2";
			};
			name = Debug;
		};
		1D71E9E32A6121760007D505 /* Release */ = {
			isa = XCBuildConfiguration;
			buildSettings = {
				ASSETCATALOG_COMPILER_APPICON_NAME = AppIcon;
				ASSETCATALOG_COMPILER_GLOBAL_ACCENT_COLOR_NAME = AccentColor;
				CODE_SIGN_STYLE = Automatic;
				CURRENT_PROJECT_VERSION = 1;
				GENERATE_INFOPLIST_FILE = YES;
				INFOPLIST_FILE = "news-app/Info.plist";
				INFOPLIST_KEY_UIApplicationSupportsIndirectInputEvents = YES;
				INFOPLIST_KEY_UILaunchStoryboardName = LaunchScreen;
				INFOPLIST_KEY_UISupportedInterfaceOrientations_iPad = "UIInterfaceOrientationPortrait UIInterfaceOrientationPortraitUpsideDown UIInterfaceOrientationLandscapeLeft UIInterfaceOrientationLandscapeRight";
				INFOPLIST_KEY_UISupportedInterfaceOrientations_iPhone = "UIInterfaceOrientationPortrait UIInterfaceOrientationLandscapeLeft UIInterfaceOrientationLandscapeRight";
				LD_RUNPATH_SEARCH_PATHS = (
					"$(inherited)",
					"@executable_path/Frameworks",
				);
				MARKETING_VERSION = 1.0;
				PRODUCT_BUNDLE_IDENTIFIER = "com.news-app";
				PRODUCT_NAME = "$(TARGET_NAME)";
				SWIFT_EMIT_LOC_STRINGS = YES;
				SWIFT_VERSION = 5.0;
				TARGETED_DEVICE_FAMILY = "1,2";
			};
			name = Release;
		};
/* End XCBuildConfiguration section */

/* Begin XCConfigurationList section */
		1D71E9C82A6121740007D505 /* Build configuration list for PBXProject "news-app" */ = {
			isa = XCConfigurationList;
			buildConfigurations = (
				1D71E9DF2A6121760007D505 /* Debug */,
				1D71E9E02A6121760007D505 /* Release */,
			);
			defaultConfigurationIsVisible = 0;
			defaultConfigurationName = Release;
		};
		1D71E9E12A6121760007D505 /* Build configuration list for PBXNativeTarget "news-app" */ = {
			isa = XCConfigurationList;
			buildConfigurations = (
				1D71E9E22A6121760007D505 /* Debug */,
				1D71E9E32A6121760007D505 /* Release */,
			);
			defaultConfigurationIsVisible = 0;
			defaultConfigurationName = Release;
		};
/* End XCConfigurationList section */

/* Begin XCRemoteSwiftPackageReference section */
		1D71E9E72A612D350007D505 /* XCRemoteSwiftPackageReference "Alamofire" */ = {
			isa = XCRemoteSwiftPackageReference;
			repositoryURL = "https://github.com/Alamofire/Alamofire.git";
			requirement = {
				branch = master;
				kind = branch;
			};
		};
		1D71E9EA2A612D4E0007D505 /* XCRemoteSwiftPackageReference "Kingfisher" */ = {
			isa = XCRemoteSwiftPackageReference;
			repositoryURL = "https://github.com/onevcat/Kingfisher.git";
			requirement = {
				kind = upToNextMajorVersion;
				minimumVersion = 7.0.0;
			};
		};
/* End XCRemoteSwiftPackageReference section */

/* Begin XCSwiftPackageProductDependency section */
		1D71E9E82A612D350007D505 /* Alamofire */ = {
			isa = XCSwiftPackageProductDependency;
			package = 1D71E9E72A612D350007D505 /* XCRemoteSwiftPackageReference "Alamofire" */;
			productName = Alamofire;
		};
		1D71E9EB2A612D4E0007D505 /* Kingfisher */ = {
			isa = XCSwiftPackageProductDependency;
			package = 1D71E9EA2A612D4E0007D505 /* XCRemoteSwiftPackageReference "Kingfisher" */;
			productName = Kingfisher;
		};
/* End XCSwiftPackageProductDependency section */
	};
	rootObject = 1D71E9C52A6121740007D505 /* Project object */;
}
